
Microsoft Visual Studio Solution File, Format Version 12.00
# Visual Studio Version 16
VisualStudioVersion = 16.0.30611.23
MinimumVisualStudioVersion = 10.0.40219.1
Project("{FAE04EC0-301F-11D3-BF4B-00C04F79EFBC}") = "FinalExamConsoleApp", "FinalExamConsoleApp\FinalExamConsoleApp.csproj", "{F1358E9B-187B-4972-B9B9-2071F4C08D94}"
EndProject
Global
	GlobalSection(SolutionConfigurationPlatforms) = preSolution
		Debug|Any CPU = Debug|Any CPU
		Release|Any CPU = Release|Any CPU
	EndGlobalSection
	GlobalSection(ProjectConfigurationPlatforms) = postSolution
		{F1358E9B-187B-4972-B9B9-2071F4C08D94}.Debug|Any CPU.ActiveCfg = Debug|Any CPU
		{F1358E9B-187B-4972-B9B9-2071F4C08D94}.Debug|Any CPU.Build.0 = Debug|Any CPU
		{F1358E9B-187B-4972-B9B9-2071F4C08D94}.Release|Any CPU.ActiveCfg = Release|Any CPU
		{F1358E9B-187B-4972-B9B9-2071F4C08D94}.Release|Any CPU.Build.0 = Release|Any CPU
	EndGlobalSection
	GlobalSection(SolutionProperties) = preSolution
		HideSolutionNode = FALSE
	EndGlobalSection
	GlobalSection(ExtensibilityGlobals) = postSolution
		SolutionGuid = {DF19C3A5-9427-48B7-88D3-3C1714655BBF}
	EndGlobalSection
EndGlobal
